// !$*UTF8*$!
{
	archiveVersion = 1;
	classes = {
	};
	objectVersion = 46;
	objects = {

/* Begin PBXBuildFile section */
		6EED6BB91D22410700C3EC24 /* AppDelegate.swift in Sources */ = {isa = PBXBuildFile; fileRef = 6EED6BB81D22410700C3EC24 /* AppDelegate.swift */; };
		6EED6BBB1D22410700C3EC24 /* Assets.xcassets in Resources */ = {isa = PBXBuildFile; fileRef = 6EED6BBA1D22410700C3EC24 /* Assets.xcassets */; };
		6EED6BBE1D22410700C3EC24 /* MainMenu.xib in Resources */ = {isa = PBXBuildFile; fileRef = 6EED6BBC1D22410700C3EC24 /* MainMenu.xib */; };
		6EED6BC91D22410700C3EC24 /* mac_monitorTests.swift in Sources */ = {isa = PBXBuildFile; fileRef = 6EED6BC81D22410700C3EC24 /* mac_monitorTests.swift */; };
		6EED6BD41D22410700C3EC24 /* mac_monitorUITests.swift in Sources */ = {isa = PBXBuildFile; fileRef = 6EED6BD31D22410700C3EC24 /* mac_monitorUITests.swift */; };
/* End PBXBuildFile section */

/* Begin PBXContainerItemProxy section */
		6EED6BC51D22410700C3EC24 /* PBXContainerItemProxy */ = {
			isa = PBXContainerItemProxy;
			containerPortal = 6EED6BAD1D22410700C3EC24 /* Project object */;
			proxyType = 1;
			remoteGlobalIDString = 6EED6BB41D22410700C3EC24;
			remoteInfo = "mac-monitor";
		};
		6EED6BD01D22410700C3EC24 /* PBXContainerItemProxy */ = {
			isa = PBXContainerItemProxy;
			containerPortal = 6EED6BAD1D22410700C3EC24 /* Project object */;
			proxyType = 1;
			remoteGlobalIDString = 6EED6BB41D22410700C3EC24;
			remoteInfo = "mac-monitor";
		};
/* End PBXContainerItemProxy section */

/* Begin PBXFileReference section */
		6EED6BB51D22410700C3EC24 /* mac-monitor.app */ = {isa = PBXFileReference; explicitFileType = wrapper.application; includeInIndex = 0; path = "mac-monitor.app"; sourceTree = BUILT_PRODUCTS_DIR; };
		6EED6BB81D22410700C3EC24 /* AppDelegate.swift */ = {isa = PBXFileReference; lastKnownFileType = sourcecode.swift; path = AppDelegate.swift; sourceTree = "<group>"; };
		6EED6BBA1D22410700C3EC24 /* Assets.xcassets */ = {isa = PBXFileReference; lastKnownFileType = folder.assetcatalog; path = Assets.xcassets; sourceTree = "<group>"; };
		6EED6BBD1D22410700C3EC24 /* Base */ = {isa = PBXFileReference; lastKnownFileType = file.xib; name = Base; path = Base.lproj/MainMenu.xib; sourceTree = "<group>"; };
		6EED6BBF1D22410700C3EC24 /* Info.plist */ = {isa = PBXFileReference; lastKnownFileType = text.plist.xml; path = Info.plist; sourceTree = "<group>"; };
		6EED6BC41D22410700C3EC24 /* mac-monitorTests.xctest */ = {isa = PBXFileReference; explicitFileType = wrapper.cfbundle; includeInIndex = 0; path = "mac-monitorTests.xctest"; sourceTree = BUILT_PRODUCTS_DIR; };
		6EED6BC81D22410700C3EC24 /* mac_monitorTests.swift */ = {isa = PBXFileReference; lastKnownFileType = sourcecode.swift; path = mac_monitorTests.swift; sourceTree = "<group>"; };
		6EED6BCA1D22410700C3EC24 /* Info.plist */ = {isa = PBXFileReference; lastKnownFileType = text.plist.xml; path = Info.plist; sourceTree = "<group>"; };
		6EED6BCF1D22410700C3EC24 /* mac-monitorUITests.xctest */ = {isa = PBXFileReference; explicitFileType = wrapper.cfbundle; includeInIndex = 0; path = "mac-monitorUITests.xctest"; sourceTree = BUILT_PRODUCTS_DIR; };
		6EED6BD31D22410700C3EC24 /* mac_monitorUITests.swift */ = {isa = PBXFileReference; lastKnownFileType = sourcecode.swift; path = mac_monitorUITests.swift; sourceTree = "<group>"; };
		6EED6BD51D22410700C3EC24 /* Info.plist */ = {isa = PBXFileReference; lastKnownFileType = text.plist.xml; path = Info.plist; sourceTree = "<group>"; };
/* End PBXFileReference section */

/* Begin PBXFrameworksBuildPhase section */
		6EED6BB21D22410700C3EC24 /* Frameworks */ = {
			isa = PBXFrameworksBuildPhase;
			buildActionMask = 2147483647;
			files = (
			);
			runOnlyForDeploymentPostprocessing = 0;
		};
		6EED6BC11D22410700C3EC24 /* Frameworks */ = {
			isa = PBXFrameworksBuildPhase;
			buildActionMask = 2147483647;
			files = (
			);
			runOnlyForDeploymentPostprocessing = 0;
		};
		6EED6BCC1D22410700C3EC24 /* Frameworks */ = {
			isa = PBXFrameworksBuildPhase;
			buildActionMask = 2147483647;
			files = (
			);
			runOnlyForDeploymentPostprocessing = 0;
		};
/* End PBXFrameworksBuildPhase section */

/* Begin PBXGroup section */
		6EED6BAC1D22410700C3EC24 = {
			isa = PBXGroup;
			children = (
				6EED6BB71D22410700C3EC24 /* mac-monitor */,
				6EED6BC71D22410700C3EC24 /* mac-monitorTests */,
				6EED6BD21D22410700C3EC24 /* mac-monitorUITests */,
				6EED6BB61D22410700C3EC24 /* Products */,
			);
			sourceTree = "<group>";
		};
		6EED6BB61D22410700C3EC24 /* Products */ = {
			isa = PBXGroup;
			children = (
				6EED6BB51D22410700C3EC24 /* mac-monitor.app */,
				6EED6BC41D22410700C3EC24 /* mac-monitorTests.xctest */,
				6EED6BCF1D22410700C3EC24 /* mac-monitorUITests.xctest */,
			);
			name = Products;
			sourceTree = "<group>";
		};
		6EED6BB71D22410700C3EC24 /* mac-monitor */ = {
			isa = PBXGroup;
			children = (
				6EED6BB81D22410700C3EC24 /* AppDelegate.swift */,
				6EED6BBA1D22410700C3EC24 /* Assets.xcassets */,
				6EED6BBC1D22410700C3EC24 /* MainMenu.xib */,
				6EED6BBF1D22410700C3EC24 /* Info.plist */,
			);
			path = "mac-monitor";
			sourceTree = "<group>";
		};
		6EED6BC71D22410700C3EC24 /* mac-monitorTests */ = {
			isa = PBXGroup;
			children = (
				6EED6BC81D22410700C3EC24 /* mac_monitorTests.swift */,
				6EED6BCA1D22410700C3EC24 /* Info.plist */,
			);
			path = "mac-monitorTests";
			sourceTree = "<group>";
		};
		6EED6BD21D22410700C3EC24 /* mac-monitorUITests */ = {
			isa = PBXGroup;
			children = (
				6EED6BD31D22410700C3EC24 /* mac_monitorUITests.swift */,
				6EED6BD51D22410700C3EC24 /* Info.plist */,
			);
			path = "mac-monitorUITests";
			sourceTree = "<group>";
		};
/* End PBXGroup section */

/* Begin PBXNativeTarget section */
		6EED6BB41D22410700C3EC24 /* mac-monitor */ = {
			isa = PBXNativeTarget;
			buildConfigurationList = 6EED6BD81D22410700C3EC24 /* Build configuration list for PBXNativeTarget "mac-monitor" */;
			buildPhases = (
				6EED6BB11D22410700C3EC24 /* Sources */,
				6EED6BB21D22410700C3EC24 /* Frameworks */,
				6EED6BB31D22410700C3EC24 /* Resources */,
			);
			buildRules = (
			);
			dependencies = (
			);
			name = "mac-monitor";
			productName = "mac-monitor";
			productReference = 6EED6BB51D22410700C3EC24 /* mac-monitor.app */;
			productType = "com.apple.product-type.application";
		};
		6EED6BC31D22410700C3EC24 /* mac-monitorTests */ = {
			isa = PBXNativeTarget;
			buildConfigurationList = 6EED6BDB1D22410700C3EC24 /* Build configuration list for PBXNativeTarget "mac-monitorTests" */;
			buildPhases = (
				6EED6BC01D22410700C3EC24 /* Sources */,
				6EED6BC11D22410700C3EC24 /* Frameworks */,
				6EED6BC21D22410700C3EC24 /* Resources */,
			);
			buildRules = (
			);
			dependencies = (
				6EED6BC61D22410700C3EC24 /* PBXTargetDependency */,
			);
			name = "mac-monitorTests";
			productName = "mac-monitorTests";
			productReference = 6EED6BC41D22410700C3EC24 /* mac-monitorTests.xctest */;
			productType = "com.apple.product-type.bundle.unit-test";
		};
		6EED6BCE1D22410700C3EC24 /* mac-monitorUITests */ = {
			isa = PBXNativeTarget;
			buildConfigurationList = 6EED6BDE1D22410700C3EC24 /* Build configuration list for PBXNativeTarget "mac-monitorUITests" */;
			buildPhases = (
				6EED6BCB1D22410700C3EC24 /* Sources */,
				6EED6BCC1D22410700C3EC24 /* Frameworks */,
				6EED6BCD1D22410700C3EC24 /* Resources */,
			);
			buildRules = (
			);
			dependencies = (
				6EED6BD11D22410700C3EC24 /* PBXTargetDependency */,
			);
			name = "mac-monitorUITests";
			productName = "mac-monitorUITests";
			productReference = 6EED6BCF1D22410700C3EC24 /* mac-monitorUITests.xctest */;
			productType = "com.apple.product-type.bundle.ui-testing";
		};
/* End PBXNativeTarget section */

/* Begin PBXProject section */
		6EED6BAD1D22410700C3EC24 /* Project object */ = {
			isa = PBXProject;
			attributes = {
				LastSwiftUpdateCheck = 0730;
				LastUpgradeCheck = 0730;
				ORGANIZATIONNAME = "Matthew Slocum, Sami Sahli";
				TargetAttributes = {
					6EED6BB41D22410700C3EC24 = {
						CreatedOnToolsVersion = 7.3.1;
					};
					6EED6BC31D22410700C3EC24 = {
						CreatedOnToolsVersion = 7.3.1;
						TestTargetID = 6EED6BB41D22410700C3EC24;
					};
					6EED6BCE1D22410700C3EC24 = {
						CreatedOnToolsVersion = 7.3.1;
						TestTargetID = 6EED6BB41D22410700C3EC24;
					};
				};
			};
			buildConfigurationList = 6EED6BB01D22410700C3EC24 /* Build configuration list for PBXProject "mac-monitor" */;
			compatibilityVersion = "Xcode 3.2";
			developmentRegion = English;
			hasScannedForEncodings = 0;
			knownRegions = (
				en,
				Base,
			);
			mainGroup = 6EED6BAC1D22410700C3EC24;
			productRefGroup = 6EED6BB61D22410700C3EC24 /* Products */;
			projectDirPath = "";
			projectRoot = "";
			targets = (
				6EED6BB41D22410700C3EC24 /* mac-monitor */,
				6EED6BC31D22410700C3EC24 /* mac-monitorTests */,
				6EED6BCE1D22410700C3EC24 /* mac-monitorUITests */,
			);
		};
/* End PBXProject section */

/* Begin PBXResourcesBuildPhase section */
		6EED6BB31D22410700C3EC24 /* Resources */ = {
			isa = PBXResourcesBuildPhase;
			buildActionMask = 2147483647;
			files = (
				6EED6BBB1D22410700C3EC24 /* Assets.xcassets in Resources */,
				6EED6BBE1D22410700C3EC24 /* MainMenu.xib in Resources */,
			);
			runOnlyForDeploymentPostprocessing = 0;
		};
		6EED6BC21D22410700C3EC24 /* Resources */ = {
			isa = PBXResourcesBuildPhase;
			buildActionMask = 2147483647;
			files = (
			);
			runOnlyForDeploymentPostprocessing = 0;
		};
		6EED6BCD1D22410700C3EC24 /* Resources */ = {
			isa = PBXResourcesBuildPhase;
			buildActionMask = 2147483647;
			files = (
			);
			runOnlyForDeploymentPostprocessing = 0;
		};
/* End PBXResourcesBuildPhase section */

/* Begin PBXSourcesBuildPhase section */
		6EED6BB11D22410700C3EC24 /* Sources */ = {
			isa = PBXSourcesBuildPhase;
			buildActionMask = 2147483647;
			files = (
				6EED6BB91D22410700C3EC24 /* AppDelegate.swift in Sources */,
			);
			runOnlyForDeploymentPostprocessing = 0;
		};
		6EED6BC01D22410700C3EC24 /* Sources */ = {
			isa = PBXSourcesBuildPhase;
			buildActionMask = 2147483647;
			files = (
				6EED6BC91D22410700C3EC24 /* mac_monitorTests.swift in Sources */,
			);
			runOnlyForDeploymentPostprocessing = 0;
		};
		6EED6BCB1D22410700C3EC24 /* Sources */ = {
			isa = PBXSourcesBuildPhase;
			buildActionMask = 2147483647;
			files = (
				6EED6BD41D22410700C3EC24 /* mac_monitorUITests.swift in Sources */,
			);
			runOnlyForDeploymentPostprocessing = 0;
		};
/* End PBXSourcesBuildPhase section */

/* Begin PBXTargetDependency section */
		6EED6BC61D22410700C3EC24 /* PBXTargetDependency */ = {
			isa = PBXTargetDependency;
			target = 6EED6BB41D22410700C3EC24 /* mac-monitor */;
			targetProxy = 6EED6BC51D22410700C3EC24 /* PBXContainerItemProxy */;
		};
		6EED6BD11D22410700C3EC24 /* PBXTargetDependency */ = {
			isa = PBXTargetDependency;
			target = 6EED6BB41D22410700C3EC24 /* mac-monitor */;
			targetProxy = 6EED6BD01D22410700C3EC24 /* PBXContainerItemProxy */;
		};
/* End PBXTargetDependency section */

/* Begin PBXVariantGroup section */
		6EED6BBC1D22410700C3EC24 /* MainMenu.xib */ = {
			isa = PBXVariantGroup;
			children = (
				6EED6BBD1D22410700C3EC24 /* Base */,
			);
			name = MainMenu.xib;
			sourceTree = "<group>";
		};
/* End PBXVariantGroup section */

/* Begin XCBuildConfiguration section */
		6EED6BD61D22410700C3EC24 /* Debug */ = {
			isa = XCBuildConfiguration;
			buildSettings = {
				ALWAYS_SEARCH_USER_PATHS = NO;
				CLANG_ANALYZER_NONNULL = YES;
				CLANG_CXX_LANGUAGE_STANDARD = "gnu++0x";
				CLANG_CXX_LIBRARY = "libc++";
				CLANG_ENABLE_MODULES = YES;
				CLANG_ENABLE_OBJC_ARC = YES;
				CLANG_WARN_BOOL_CONVERSION = YES;
				CLANG_WARN_CONSTANT_CONVERSION = YES;
				CLANG_WARN_DIRECT_OBJC_ISA_USAGE = YES_ERROR;
				CLANG_WARN_EMPTY_BODY = YES;
				CLANG_WARN_ENUM_CONVERSION = YES;
				CLANG_WARN_INT_CONVERSION = YES;
				CLANG_WARN_OBJC_ROOT_CLASS = YES_ERROR;
				CLANG_WARN_UNREACHABLE_CODE = YES;
				CLANG_WARN__DUPLICATE_METHOD_MATCH = YES;
				CODE_SIGN_IDENTITY = "-";
				COPY_PHASE_STRIP = NO;
				DEBUG_INFORMATION_FORMAT = dwarf;
				ENABLE_STRICT_OBJC_MSGSEND = YES;
				ENABLE_TESTABILITY = YES;
				GCC_C_LANGUAGE_STANDARD = gnu99;
				GCC_DYNAMIC_NO_PIC = NO;
				GCC_NO_COMMON_BLOCKS = YES;
				GCC_OPTIMIZATION_LEVEL = 0;
				GCC_PREPROCESSOR_DEFINITIONS = (
					"DEBUG=1",
					"$(inherited)",
				);
				GCC_WARN_64_TO_32_BIT_CONVERSION = YES;
				GCC_WARN_ABOUT_RETURN_TYPE = YES_ERROR;
				GCC_WARN_UNDECLARED_SELECTOR = YES;
				GCC_WARN_UNINITIALIZED_AUTOS = YES_AGGRESSIVE;
				GCC_WARN_UNUSED_FUNCTION = YES;
				GCC_WARN_UNUSED_VARIABLE = YES;
				MACOSX_DEPLOYMENT_TARGET = 10.11;
				MTL_ENABLE_DEBUG_INFO = YES;
				ONLY_ACTIVE_ARCH = YES;
				SDKROOT = macosx;
				SWIFT_OPTIMIZATION_LEVEL = "-Onone";
			};
			name = Debug;
		};
		6EED6BD71D22410700C3EC24 /* Release */ = {
			isa = XCBuildConfiguration;
			buildSettings = {
				ALWAYS_SEARCH_USER_PATHS = NO;
				CLANG_ANALYZER_NONNULL = YES;
				CLANG_CXX_LANGUAGE_STANDARD = "gnu++0x";
				CLANG_CXX_LIBRARY = "libc++";
				CLANG_ENABLE_MODULES = YES;
				CLANG_ENABLE_OBJC_ARC = YES;
				CLANG_WARN_BOOL_CONVERSION = YES;
				CLANG_WARN_CONSTANT_CONVERSION = YES;
				CLANG_WARN_DIRECT_OBJC_ISA_USAGE = YES_ERROR;
				CLANG_WARN_EMPTY_BODY = YES;
				CLANG_WARN_ENUM_CONVERSION = YES;
				CLANG_WARN_INT_CONVERSION = YES;
				CLANG_WARN_OBJC_ROOT_CLASS = YES_ERROR;
				CLANG_WARN_UNREACHABLE_CODE = YES;
				CLANG_WARN__DUPLICATE_METHOD_MATCH = YES;
				CODE_SIGN_IDENTITY = "-";
				COPY_PHASE_STRIP = NO;
				DEBUG_INFORMATION_FORMAT = "dwarf-with-dsym";
				ENABLE_NS_ASSERTIONS = NO;
				ENABLE_STRICT_OBJC_MSGSEND = YES;
				GCC_C_LANGUAGE_STANDARD = gnu99;
				GCC_NO_COMMON_BLOCKS = YES;
				GCC_WARN_64_TO_32_BIT_CONVERSION = YES;
				GCC_WARN_ABOUT_RETURN_TYPE = YES_ERROR;
				GCC_WARN_UNDECLARED_SELECTOR = YES;
				GCC_WARN_UNINITIALIZED_AUTOS = YES_AGGRESSIVE;
				GCC_WARN_UNUSED_FUNCTION = YES;
				GCC_WARN_UNUSED_VARIABLE = YES;
				MACOSX_DEPLOYMENT_TARGET = 10.11;
				MTL_ENABLE_DEBUG_INFO = NO;
				SDKROOT = macosx;
			};
			name = Release;
		};
		6EED6BD91D22410700C3EC24 /* Debug */ = {
			isa = XCBuildConfiguration;
			buildSettings = {
				ASSETCATALOG_COMPILER_APPICON_NAME = AppIcon;
				COMBINE_HIDPI_IMAGES = YES;
				INFOPLIST_FILE = "mac-monitor/Info.plist";
				LD_RUNPATH_SEARCH_PATHS = "$(inherited) @executable_path/../Frameworks";
				PRODUCT_BUNDLE_IDENTIFIER = "test.mac-monitor";
				PRODUCT_NAME = "$(TARGET_NAME)";
			};
			name = Debug;
		};
		6EED6BDA1D22410700C3EC24 /* Release */ = {
			isa = XCBuildConfiguration;
			buildSettings = {
				ASSETCATALOG_COMPILER_APPICON_NAME = AppIcon;
				COMBINE_HIDPI_IMAGES = YES;
				INFOPLIST_FILE = "mac-monitor/Info.plist";
				LD_RUNPATH_SEARCH_PATHS = "$(inherited) @executable_path/../Frameworks";
				PRODUCT_BUNDLE_IDENTIFIER = "test.mac-monitor";
				PRODUCT_NAME = "$(TARGET_NAME)";
			};
			name = Release;
		};
		6EED6BDC1D22410700C3EC24 /* Debug */ = {
			isa = XCBuildConfiguration;
			buildSettings = {
				BUNDLE_LOADER = "$(TEST_HOST)";
				COMBINE_HIDPI_IMAGES = YES;
				INFOPLIST_FILE = "mac-monitorTests/Info.plist";
				LD_RUNPATH_SEARCH_PATHS = "$(inherited) @executable_path/../Frameworks @loader_path/../Frameworks";
				PRODUCT_BUNDLE_IDENTIFIER = "test.mac-monitorTests";
				PRODUCT_NAME = "$(TARGET_NAME)";
				TEST_HOST = "$(BUILT_PRODUCTS_DIR)/mac-monitor.app/Contents/MacOS/mac-monitor";
			};
			name = Debug;
		};
		6EED6BDD1D22410700C3EC24 /* Release */ = {
			isa = XCBuildConfiguration;
			buildSettings = {
				BUNDLE_LOADER = "$(TEST_HOST)";
				COMBINE_HIDPI_IMAGES = YES;
				INFOPLIST_FILE = "mac-monitorTests/Info.plist";
				LD_RUNPATH_SEARCH_PATHS = "$(inherited) @executable_path/../Frameworks @loader_path/../Frameworks";
				PRODUCT_BUNDLE_IDENTIFIER = "test.mac-monitorTests";
				PRODUCT_NAME = "$(TARGET_NAME)";
				TEST_HOST = "$(BUILT_PRODUCTS_DIR)/mac-monitor.app/Contents/MacOS/mac-monitor";
			};
			name = Release;
		};
		6EED6BDF1D22410700C3EC24 /* Debug */ = {
			isa = XCBuildConfiguration;
			buildSettings = {
				COMBINE_HIDPI_IMAGES = YES;
				INFOPLIST_FILE = "mac-monitorUITests/Info.plist";
				LD_RUNPATH_SEARCH_PATHS = "$(inherited) @executable_path/../Frameworks @loader_path/../Frameworks";
				PRODUCT_BUNDLE_IDENTIFIER = "test.mac-monitorUITests";
				PRODUCT_NAME = "$(TARGET_NAME)";
				TEST_TARGET_NAME = "mac-monitor";
			};
			name = Debug;
		};
		6EED6BE01D22410700C3EC24 /* Release */ = {
			isa = XCBuildConfiguration;
			buildSettings = {
				COMBINE_HIDPI_IMAGES = YES;
				INFOPLIST_FILE = "mac-monitorUITests/Info.plist";
				LD_RUNPATH_SEARCH_PATHS = "$(inherited) @executable_path/../Frameworks @loader_path/../Frameworks";
				PRODUCT_BUNDLE_IDENTIFIER = "test.mac-monitorUITests";
				PRODUCT_NAME = "$(TARGET_NAME)";
				TEST_TARGET_NAME = "mac-monitor";
			};
			name = Release;
		};
/* End XCBuildConfiguration section */

/* Begin XCConfigurationList section */
		6EED6BB01D22410700C3EC24 /* Build configuration list for PBXProject "mac-monitor" */ = {
			isa = XCConfigurationList;
			buildConfigurations = (
				6EED6BD61D22410700C3EC24 /* Debug */,
				6EED6BD71D22410700C3EC24 /* Release */,
			);
			defaultConfigurationIsVisible = 0;
			defaultConfigurationName = Release;
		};
		6EED6BD81D22410700C3EC24 /* Build configuration list for PBXNativeTarget "mac-monitor" */ = {
			isa = XCConfigurationList;
			buildConfigurations = (
				6EED6BD91D22410700C3EC24 /* Debug */,
				6EED6BDA1D22410700C3EC24 /* Release */,
			);
			defaultConfigurationIsVisible = 0;
		};
		6EED6BDB1D22410700C3EC24 /* Build configuration list for PBXNativeTarget "mac-monitorTests" */ = {
			isa = XCConfigurationList;
			buildConfigurations = (
				6EED6BDC1D22410700C3EC24 /* Debug */,
				6EED6BDD1D22410700C3EC24 /* Release */,
			);
			defaultConfigurationIsVisible = 0;
		};
		6EED6BDE1D22410700C3EC24 /* Build configuration list for PBXNativeTarget "mac-monitorUITests" */ = {
			isa = XCConfigurationList;
			buildConfigurations = (
				6EED6BDF1D22410700C3EC24 /* Debug */,
				6EED6BE01D22410700C3EC24 /* Release */,
			);
			defaultConfigurationIsVisible = 0;
		};
/* End XCConfigurationList section */
	};
	rootObject = 6EED6BAD1D22410700C3EC24 /* Project object */;
}
